
Microsoft Visual Studio Solution File, Format Version 12.00
# Visual Studio Version 17
VisualStudioVersion = 17.11.35327.3
MinimumVisualStudioVersion = 10.0.40219.1
Project("{FAE04EC0-301F-11D3-BF4B-00C04F79EFBC}") = "practica #19 vsed", "practica #19 vsed\practica #19 vsed.csproj", "{C2A9B409-C3F7-4E8C-8D73-CCA63291A70F}"
EndProject
Global
	GlobalSection(SolutionConfigurationPlatforms) = preSolution
		Debug|Any CPU = Debug|Any CPU
		Release|Any CPU = Release|Any CPU
	EndGlobalSection
	GlobalSection(ProjectConfigurationPlatforms) = postSolution
		{C2A9B409-C3F7-4E8C-8D73-CCA63291A70F}.Debug|Any CPU.ActiveCfg = Debug|Any CPU
		{C2A9B409-C3F7-4E8C-8D73-CCA63291A70F}.Debug|Any CPU.Build.0 = Debug|Any CPU
		{C2A9B409-C3F7-4E8C-8D73-CCA63291A70F}.Release|Any CPU.ActiveCfg = Release|Any CPU
		{C2A9B409-C3F7-4E8C-8D73-CCA63291A70F}.Release|Any CPU.Build.0 = Release|Any CPU
	EndGlobalSection
	GlobalSection(SolutionProperties) = preSolution
		HideSolutionNode = FALSE
	EndGlobalSection
	GlobalSection(ExtensibilityGlobals) = postSolution
		SolutionGuid = {3EF2ABC4-F437-4EB2-B10F-B551F01107B8}
	EndGlobalSection
EndGlobal
